PODS:
  - MSGraphSDK (0.10.1):
    - MSGraphSDK/Common (= 0.10.1)
    - MSGraphSDK/Extensions (= 0.10.1)
    - MSGraphSDK/Implementations (= 0.10.1)
    - MSGraphSDK/MSGraphCoreSDK (= 0.10.1)
  - MSGraphSDK-NXOAuth2Adapter (0.9.1):
    - MSGraphSDK-NXOAuth2Adapter/Auth (= 0.9.1)
    - MSGraphSDK-NXOAuth2Adapter/Common (= 0.9.1)
    - MSGraphSDK-NXOAuth2Adapter/Extensions (= 0.9.1)
  - MSGraphSDK-NXOAuth2Adapter/Auth (0.9.1):
    - MSGraphSDK-NXOAuth2Adapter/Common
    - MSGraphSDK/Common
    - MSGraphSDK/Implementations
    - NXOAuth2Client (~> 1.2.8)
  - MSGraphSDK-NXOAuth2Adapter/Common (0.9.1)
  - MSGraphSDK-NXOAuth2Adapter/Extensions (0.9.1):
    - MSGraphSDK-NXOAuth2Adapter/Common
  - MSGraphSDK/Common (0.10.1)
  - MSGraphSDK/Extensions (0.10.1):
    - MSGraphSDK/Implementations
    - MSGraphSDK/MSGraphCoreSDK
  - MSGraphSDK/Implementations (0.10.1):
    - MSGraphSDK/Common
  - MSGraphSDK/MSGraphCoreSDK (0.10.1):
    - MSGraphSDK/Common
  - NXOAuth2Client (1.2.8)

DEPENDENCIES:
  - MSGraphSDK
  - MSGraphSDK-NXOAuth2Adapter

SPEC CHECKSUMS:
  MSGraphSDK: 3c43eb632ca969593f1bdd5612b573e436bd3283
  MSGraphSDK-NXOAuth2Adapter: 3e9c46486ddbc72a7bd488a225c8d8d086b17211
  NXOAuth2Client: 98c4d4c594edd2b289cfc34a8928653e1dab7adf

COCOAPODS: 0.39.0
